
Microsoft Visual Studio Solution File, Format Version 12.00
# Visual Studio Version 17
VisualStudioVersion = 17.14.36221.1
MinimumVisualStudioVersion = 10.0.40219.1
Project("{FAE04EC0-301F-11D3-BF4B-00C04F79EFBC}") = "PVA", "PVA\PVA.csproj", "{9CC291F8-3858-2660-2A2A-A3BCC60BCB96}"
EndProject
Project("{FAE04EC0-301F-11D3-BF4B-00C04F79EFBC}") = "PVA.Client", "PVA.Client\PVA.Client.csproj", "{9064A818-8C5B-B917-C0AE-C805E5E849CF}"
EndProject
Project("{FAE04EC0-301F-11D3-BF4B-00C04F79EFBC}") = "PVA.Core", "PVA.Core\PVA.Core.csproj", "{CEC5A673-5944-494E-BC1D-562F51963172}"
EndProject
Project("{FAE04EC0-301F-11D3-BF4B-00C04F79EFBC}") = "PVA.Application", "PVA.Application\PVA.Application.csproj", "{1215838E-1B27-4D42-8E49-50DB8019BCE7}"
EndProject
Project("{FAE04EC0-301F-11D3-BF4B-00C04F79EFBC}") = "PVA.Infrastructure", "PVA.Infrastructure\PVA.Infrastructure.csproj", "{932C7787-C9D5-48F8-A297-C89C441E4CE2}"
EndProject
Global
	GlobalSection(SolutionConfigurationPlatforms) = preSolution
		Debug|Any CPU = Debug|Any CPU
		Debug|x64 = Debug|x64
		Debug|x86 = Debug|x86
		Release|Any CPU = Release|Any CPU
		Release|x64 = Release|x64
		Release|x86 = Release|x86
	EndGlobalSection
	GlobalSection(ProjectConfigurationPlatforms) = postSolution
		{9CC291F8-3858-2660-2A2A-A3BCC60BCB96}.Debug|Any CPU.ActiveCfg = Debug|Any CPU
		{9CC291F8-3858-2660-2A2A-A3BCC60BCB96}.Debug|Any CPU.Build.0 = Debug|Any CPU
		{9CC291F8-3858-2660-2A2A-A3BCC60BCB96}.Debug|x64.ActiveCfg = Debug|Any CPU
		{9CC291F8-3858-2660-2A2A-A3BCC60BCB96}.Debug|x64.Build.0 = Debug|Any CPU
		{9CC291F8-3858-2660-2A2A-A3BCC60BCB96}.Debug|x86.ActiveCfg = Debug|Any CPU
		{9CC291F8-3858-2660-2A2A-A3BCC60BCB96}.Debug|x86.Build.0 = Debug|Any CPU
		{9CC291F8-3858-2660-2A2A-A3BCC60BCB96}.Release|Any CPU.ActiveCfg = Release|Any CPU
		{9CC291F8-3858-2660-2A2A-A3BCC60BCB96}.Release|Any CPU.Build.0 = Release|Any CPU
		{9CC291F8-3858-2660-2A2A-A3BCC60BCB96}.Release|x64.ActiveCfg = Release|Any CPU
		{9CC291F8-3858-2660-2A2A-A3BCC60BCB96}.Release|x64.Build.0 = Release|Any CPU
		{9CC291F8-3858-2660-2A2A-A3BCC60BCB96}.Release|x86.ActiveCfg = Release|Any CPU
		{9CC291F8-3858-2660-2A2A-A3BCC60BCB96}.Release|x86.Build.0 = Release|Any CPU
		{9064A818-8C5B-B917-C0AE-C805E5E849CF}.Debug|Any CPU.ActiveCfg = Debug|Any CPU
		{9064A818-8C5B-B917-C0AE-C805E5E849CF}.Debug|Any CPU.Build.0 = Debug|Any CPU
		{9064A818-8C5B-B917-C0AE-C805E5E849CF}.Debug|x64.ActiveCfg = Debug|Any CPU
		{9064A818-8C5B-B917-C0AE-C805E5E849CF}.Debug|x64.Build.0 = Debug|Any CPU
		{9064A818-8C5B-B917-C0AE-C805E5E849CF}.Debug|x86.ActiveCfg = Debug|Any CPU
		{9064A818-8C5B-B917-C0AE-C805E5E849CF}.Debug|x86.Build.0 = Debug|Any CPU
		{9064A818-8C5B-B917-C0AE-C805E5E849CF}.Release|Any CPU.ActiveCfg = Release|Any CPU
		{9064A818-8C5B-B917-C0AE-C805E5E849CF}.Release|Any CPU.Build.0 = Release|Any CPU
		{9064A818-8C5B-B917-C0AE-C805E5E849CF}.Release|x64.ActiveCfg = Release|Any CPU
		{9064A818-8C5B-B917-C0AE-C805E5E849CF}.Release|x64.Build.0 = Release|Any CPU
		{9064A818-8C5B-B917-C0AE-C805E5E849CF}.Release|x86.ActiveCfg = Release|Any CPU
		{9064A818-8C5B-B917-C0AE-C805E5E849CF}.Release|x86.Build.0 = Release|Any CPU
		{CEC5A673-5944-494E-BC1D-562F51963172}.Debug|Any CPU.ActiveCfg = Debug|Any CPU
		{CEC5A673-5944-494E-BC1D-562F51963172}.Debug|Any CPU.Build.0 = Debug|Any CPU
		{CEC5A673-5944-494E-BC1D-562F51963172}.Debug|x64.ActiveCfg = Debug|Any CPU
		{CEC5A673-5944-494E-BC1D-562F51963172}.Debug|x64.Build.0 = Debug|Any CPU
		{CEC5A673-5944-494E-BC1D-562F51963172}.Debug|x86.ActiveCfg = Debug|Any CPU
		{CEC5A673-5944-494E-BC1D-562F51963172}.Debug|x86.Build.0 = Debug|Any CPU
		{CEC5A673-5944-494E-BC1D-562F51963172}.Release|Any CPU.ActiveCfg = Release|Any CPU
		{CEC5A673-5944-494E-BC1D-562F51963172}.Release|Any CPU.Build.0 = Release|Any CPU
		{CEC5A673-5944-494E-BC1D-562F51963172}.Release|x64.ActiveCfg = Release|Any CPU
		{CEC5A673-5944-494E-BC1D-562F51963172}.Release|x64.Build.0 = Release|Any CPU
		{CEC5A673-5944-494E-BC1D-562F51963172}.Release|x86.ActiveCfg = Release|Any CPU
		{CEC5A673-5944-494E-BC1D-562F51963172}.Release|x86.Build.0 = Release|Any CPU
		{1215838E-1B27-4D42-8E49-50DB8019BCE7}.Debug|Any CPU.ActiveCfg = Debug|Any CPU
		{1215838E-1B27-4D42-8E49-50DB8019BCE7}.Debug|Any CPU.Build.0 = Debug|Any CPU
		{1215838E-1B27-4D42-8E49-50DB8019BCE7}.Debug|x64.ActiveCfg = Debug|Any CPU
		{1215838E-1B27-4D42-8E49-50DB8019BCE7}.Debug|x64.Build.0 = Debug|Any CPU
		{1215838E-1B27-4D42-8E49-50DB8019BCE7}.Debug|x86.ActiveCfg = Debug|Any CPU
		{1215838E-1B27-4D42-8E49-50DB8019BCE7}.Debug|x86.Build.0 = Debug|Any CPU
		{1215838E-1B27-4D42-8E49-50DB8019BCE7}.Release|Any CPU.ActiveCfg = Release|Any CPU
		{1215838E-1B27-4D42-8E49-50DB8019BCE7}.Release|Any CPU.Build.0 = Release|Any CPU
		{1215838E-1B27-4D42-8E49-50DB8019BCE7}.Release|x64.ActiveCfg = Release|Any CPU
		{1215838E-1B27-4D42-8E49-50DB8019BCE7}.Release|x64.Build.0 = Release|Any CPU
		{1215838E-1B27-4D42-8E49-50DB8019BCE7}.Release|x86.ActiveCfg = Release|Any CPU
		{1215838E-1B27-4D42-8E49-50DB8019BCE7}.Release|x86.Build.0 = Release|Any CPU
		{932C7787-C9D5-48F8-A297-C89C441E4CE2}.Debug|Any CPU.ActiveCfg = Debug|Any CPU
		{932C7787-C9D5-48F8-A297-C89C441E4CE2}.Debug|Any CPU.Build.0 = Debug|Any CPU
		{932C7787-C9D5-48F8-A297-C89C441E4CE2}.Debug|x64.ActiveCfg = Debug|Any CPU
		{932C7787-C9D5-48F8-A297-C89C441E4CE2}.Debug|x64.Build.0 = Debug|Any CPU
		{932C7787-C9D5-48F8-A297-C89C441E4CE2}.Debug|x86.ActiveCfg = Debug|Any CPU
		{932C7787-C9D5-48F8-A297-C89C441E4CE2}.Debug|x86.Build.0 = Debug|Any CPU
		{932C7787-C9D5-48F8-A297-C89C441E4CE2}.Release|Any CPU.ActiveCfg = Release|Any CPU
		{932C7787-C9D5-48F8-A297-C89C441E4CE2}.Release|Any CPU.Build.0 = Release|Any CPU
		{932C7787-C9D5-48F8-A297-C89C441E4CE2}.Release|x64.ActiveCfg = Release|Any CPU
		{932C7787-C9D5-48F8-A297-C89C441E4CE2}.Release|x64.Build.0 = Release|Any CPU
		{932C7787-C9D5-48F8-A297-C89C441E4CE2}.Release|x86.ActiveCfg = Release|Any CPU
		{932C7787-C9D5-48F8-A297-C89C441E4CE2}.Release|x86.Build.0 = Release|Any CPU
	EndGlobalSection
	GlobalSection(SolutionProperties) = preSolution
		HideSolutionNode = FALSE
	EndGlobalSection
	GlobalSection(ExtensibilityGlobals) = postSolution
		SolutionGuid = {D9C34AA4-CC84-4192-88E6-3E919AF36E71}
	EndGlobalSection
EndGlobal
